
Microsoft Visual Studio Solution File, Format Version 12.00
# Visual Studio Version 17
VisualStudioVersion = 17.3.32929.385
MinimumVisualStudioVersion = 10.0.40219.1
Project("{FAE04EC0-301F-11D3-BF4B-00C04F79EFBC}") = "GrandHotelAPI", "GrandHotelAPI.csproj", "{F2898D57-FDF0-4ACD-94C8-27942A1EC836}"
EndProject
Global
	GlobalSection(SolutionConfigurationPlatforms) = preSolution
		Debug|Any CPU = Debug|Any CPU
		Release|Any CPU = Release|Any CPU
	EndGlobalSection
	GlobalSection(ProjectConfigurationPlatforms) = postSolution
		{F2898D57-FDF0-4ACD-94C8-27942A1EC836}.Debug|Any CPU.ActiveCfg = Debug|Any CPU
		{F2898D57-FDF0-4ACD-94C8-27942A1EC836}.Debug|Any CPU.Build.0 = Debug|Any CPU
		{F2898D57-FDF0-4ACD-94C8-27942A1EC836}.Release|Any CPU.ActiveCfg = Release|Any CPU
		{F2898D57-FDF0-4ACD-94C8-27942A1EC836}.Release|Any CPU.Build.0 = Release|Any CPU
	EndGlobalSection
	GlobalSection(SolutionProperties) = preSolution
		HideSolutionNode = FALSE
	EndGlobalSection
	GlobalSection(ExtensibilityGlobals) = postSolution
		SolutionGuid = {8478FD1C-0FEF-455C-97FD-A5C1299B0A3F}
	EndGlobalSection
EndGlobal
